
Microsoft Visual Studio Solution File, Format Version 11.00
# Visual Studio 2010
Project("{FAE04EC0-301F-11D3-BF4B-00C04F79EFBC}") = "OperationPlatform.Domain", "OperationPlatform.Domain\OperationPlatform.Domain.csproj", "{88591D9D-9DBA-4880-A047-FFA640A67B22}"
EndProject
Project("{FAE04EC0-301F-11D3-BF4B-00C04F79EFBC}") = "OperationPlatform.UnitTests", "OperationPlatform.UnitTests\OperationPlatform.UnitTests.csproj", "{27282819-580A-44CF-93A6-9D61A3F258FE}"
EndProject
Project("{2150E333-8FDC-42A3-9474-1A3956D46DE8}") = "Solution Items", "Solution Items", "{8532CF72-B994-4122-9C8E-CE2EC5D2975F}"
	ProjectSection(SolutionItems) = preProject
		Local.testsettings = Local.testsettings
		OperationPlatform.vsmdi = OperationPlatform.vsmdi
		TraceAndTestImpact.testsettings = TraceAndTestImpact.testsettings
	EndProjectSection
EndProject
Project("{FAE04EC0-301F-11D3-BF4B-00C04F79EFBC}") = "OperationPlatform.WebUI", "OperationPlatform.WebUI\OperationPlatform.WebUI.csproj", "{BA929040-6568-452A-B218-8291340CBE60}"
EndProject
Global
	GlobalSection(TestCaseManagementSettings) = postSolution
		CategoryFile = OperationPlatform.vsmdi
	EndGlobalSection
	GlobalSection(SolutionConfigurationPlatforms) = preSolution
		Debug|Any CPU = Debug|Any CPU
		Release|Any CPU = Release|Any CPU
	EndGlobalSection
	GlobalSection(ProjectConfigurationPlatforms) = postSolution
		{88591D9D-9DBA-4880-A047-FFA640A67B22}.Debug|Any CPU.ActiveCfg = Debug|Any CPU
		{88591D9D-9DBA-4880-A047-FFA640A67B22}.Debug|Any CPU.Build.0 = Debug|Any CPU
		{88591D9D-9DBA-4880-A047-FFA640A67B22}.Release|Any CPU.ActiveCfg = Release|Any CPU
		{88591D9D-9DBA-4880-A047-FFA640A67B22}.Release|Any CPU.Build.0 = Release|Any CPU
		{27282819-580A-44CF-93A6-9D61A3F258FE}.Debug|Any CPU.ActiveCfg = Debug|Any CPU
		{27282819-580A-44CF-93A6-9D61A3F258FE}.Debug|Any CPU.Build.0 = Debug|Any CPU
		{27282819-580A-44CF-93A6-9D61A3F258FE}.Release|Any CPU.ActiveCfg = Release|Any CPU
		{27282819-580A-44CF-93A6-9D61A3F258FE}.Release|Any CPU.Build.0 = Release|Any CPU
		{BA929040-6568-452A-B218-8291340CBE60}.Debug|Any CPU.ActiveCfg = Debug|Any CPU
		{BA929040-6568-452A-B218-8291340CBE60}.Debug|Any CPU.Build.0 = Debug|Any CPU
		{BA929040-6568-452A-B218-8291340CBE60}.Release|Any CPU.ActiveCfg = Release|Any CPU
		{BA929040-6568-452A-B218-8291340CBE60}.Release|Any CPU.Build.0 = Release|Any CPU
	EndGlobalSection
	GlobalSection(SolutionProperties) = preSolution
		HideSolutionNode = FALSE
	EndGlobalSection
EndGlobal
